// !$*UTF8*$!
{
	archiveVersion = 1;
	classes = {
	};
	objectVersion = 46;
	objects = {

/* Begin PBXBuildFile section */
		1528B86E69E6E1BD29E4FA1E /* Pods_RNDirectoryPicker.framework in Frameworks */ = {isa = PBXBuildFile; fileRef = 1B5D01A68A9913588E9B94AA /* Pods_RNDirectoryPicker.framework */; };
		975C04E524D0EB5E004F2BB7 /* RNDirectoryPicker.swift in Sources */ = {isa = PBXBuildFile; fileRef = 975C04E324D0EB5E004F2BB7 /* RNDirectoryPicker.swift */; };
		B3E7B58A1CC2AC0600A0062D /* RNDirectoryPicker.m in Sources */ = {isa = PBXBuildFile; fileRef = B3E7B5891CC2AC0600A0062D /* RNDirectoryPicker.m */; };
/* End PBXBuildFile section */

/* Begin PBXContainerItemProxy section */
		975C04B424D0EB34004F2BB7 /* PBXContainerItemProxy */ = {
			isa = PBXContainerItemProxy;
			containerPortal = CE40522D2144E02B00F995AA /* Pods.xcodeproj */;
			proxyType = 2;
			remoteGlobalIDString = 6FFB7B2992BB53405E6B771A5BA1E97D;
			remoteInfo = DoubleConversion;
		};
		975C04B624D0EB34004F2BB7 /* PBXContainerItemProxy */ = {
			isa = PBXContainerItemProxy;
			containerPortal = CE40522D2144E02B00F995AA /* Pods.xcodeproj */;
			proxyType = 2;
			remoteGlobalIDString = ABFEEA82A6C346B22843FBE0B0582182;
			remoteInfo = FBReactNativeSpec;
		};
		975C04B824D0EB34004F2BB7 /* PBXContainerItemProxy */ = {
			isa = PBXContainerItemProxy;
			containerPortal = CE40522D2144E02B00F995AA /* Pods.xcodeproj */;
			proxyType = 2;
			remoteGlobalIDString = 06489499588BFA8FD5E63DD6375CD533;
			remoteInfo = Folly;
		};
		975C04BA24D0EB34004F2BB7 /* PBXContainerItemProxy */ = {
			isa = PBXContainerItemProxy;
			containerPortal = CE40522D2144E02B00F995AA /* Pods.xcodeproj */;
			proxyType = 2;
			remoteGlobalIDString = 3CA7A9404CCDD6BA22C97F8348CE3209;
			remoteInfo = glog;
		};
		975C04BC24D0EB34004F2BB7 /* PBXContainerItemProxy */ = {
			isa = PBXContainerItemProxy;
			containerPortal = CE40522D2144E02B00F995AA /* Pods.xcodeproj */;
			proxyType = 2;
			remoteGlobalIDString = F958876A082BF810B342435CE3FB5AF6;
			remoteInfo = RCTTypeSafety;
		};
		975C04BE24D0EB34004F2BB7 /* PBXContainerItemProxy */ = {
			isa = PBXContainerItemProxy;
			containerPortal = CE40522D2144E02B00F995AA /* Pods.xcodeproj */;
			proxyType = 2;
			remoteGlobalIDString = BD71E2539823621820F84384064C253A;
			remoteInfo = "React-Core";
		};
		975C04C024D0EB34004F2BB7 /* PBXContainerItemProxy */ = {
			isa = PBXContainerItemProxy;
			containerPortal = CE40522D2144E02B00F995AA /* Pods.xcodeproj */;
			proxyType = 2;
			remoteGlobalIDString = 6771D231F4C8C5976470A369C474B32E;
			remoteInfo = "React-CoreModules";
		};
		975C04C224D0EB34004F2BB7 /* PBXContainerItemProxy */ = {
			isa = PBXContainerItemProxy;
			containerPortal = CE40522D2144E02B00F995AA /* Pods.xcodeproj */;
			proxyType = 2;
			remoteGlobalIDString = 37592FDAD45752511010F4B06AC57355;
			remoteInfo = "React-cxxreact";
		};
		975C04C424D0EB34004F2BB7 /* PBXContainerItemProxy */ = {
			isa = PBXContainerItemProxy;
			containerPortal = CE40522D2144E02B00F995AA /* Pods.xcodeproj */;
			proxyType = 2;
			remoteGlobalIDString = D9F334F2E90E3EE462FC4192AF5C03BD;
			remoteInfo = "React-jsi";
		};
		975C04C624D0EB34004F2BB7 /* PBXContainerItemProxy */ = {
			isa = PBXContainerItemProxy;
			containerPortal = CE40522D2144E02B00F995AA /* Pods.xcodeproj */;
			proxyType = 2;
			remoteGlobalIDString = F2E7C88DFCD460A4B46B913ADEB8A641;
			remoteInfo = "React-jsiexecutor";
		};
		975C04C824D0EB34004F2BB7 /* PBXContainerItemProxy */ = {
			isa = PBXContainerItemProxy;
			containerPortal = CE40522D2144E02B00F995AA /* Pods.xcodeproj */;
			proxyType = 2;
			remoteGlobalIDString = 2577F299FCB0A19824FE989BE77B8E8F;
			remoteInfo = "React-jsinspector";
		};
		975C04CA24D0EB34004F2BB7 /* PBXContainerItemProxy */ = {
			isa = PBXContainerItemProxy;
			containerPortal = CE40522D2144E02B00F995AA /* Pods.xcodeproj */;
			proxyType = 2;
			remoteGlobalIDString = FE7B9294FF05AAFD1653E2104E10844A;
			remoteInfo = "React-RCTAnimation";
		};
		975C04CC24D0EB34004F2BB7 /* PBXContainerItemProxy */ = {
			isa = PBXContainerItemProxy;
			containerPortal = CE40522D2144E02B00F995AA /* Pods.xcodeproj */;
			proxyType = 2;
			remoteGlobalIDString = F71EBF73F354B475D465FF6DE9A66707;
			remoteInfo = "React-RCTBlob";
		};
		975C04CE24D0EB34004F2BB7 /* PBXContainerItemProxy */ = {
			isa = PBXContainerItemProxy;
			containerPortal = CE40522D2144E02B00F995AA /* Pods.xcodeproj */;
			proxyType = 2;
			remoteGlobalIDString = EEDBF403E8E0B3885E65C2741B536BC5;
			remoteInfo = "React-RCTImage";
		};
		975C04D024D0EB34004F2BB7 /* PBXContainerItemProxy */ = {
			isa = PBXContainerItemProxy;
			containerPortal = CE40522D2144E02B00F995AA /* Pods.xcodeproj */;
			proxyType = 2;
			remoteGlobalIDString = 802121F5B756ACBFDD6D08C36246DADD;
			remoteInfo = "React-RCTLinking";
		};
		975C04D224D0EB34004F2BB7 /* PBXContainerItemProxy */ = {
			isa = PBXContainerItemProxy;
			containerPortal = CE40522D2144E02B00F995AA /* Pods.xcodeproj */;
			proxyType = 2;
			remoteGlobalIDString = A68E5A9B69A3BA0FD52CAF7A354EC93B;
			remoteInfo = "React-RCTNetwork";
		};
		975C04D424D0EB34004F2BB7 /* PBXContainerItemProxy */ = {
			isa = PBXContainerItemProxy;
			containerPortal = CE40522D2144E02B00F995AA /* Pods.xcodeproj */;
			proxyType = 2;
			remoteGlobalIDString = 269BE773C9482484B70949A40F4EA525;
			remoteInfo = "React-RCTSettings";
		};
		975C04D624D0EB34004F2BB7 /* PBXContainerItemProxy */ = {
			isa = PBXContainerItemProxy;
			containerPortal = CE40522D2144E02B00F995AA /* Pods.xcodeproj */;
			proxyType = 2;
			remoteGlobalIDString = E6A16705C69FC7DE11C2469A4A0F8358;
			remoteInfo = "React-RCTText";
		};
		975C04D824D0EB34004F2BB7 /* PBXContainerItemProxy */ = {
			isa = PBXContainerItemProxy;
			containerPortal = CE40522D2144E02B00F995AA /* Pods.xcodeproj */;
			proxyType = 2;
			remoteGlobalIDString = C1A919103EAC9813D236486C34FC0A21;
			remoteInfo = "React-RCTVibration";
		};
		975C04DA24D0EB34004F2BB7 /* PBXContainerItemProxy */ = {
			isa = PBXContainerItemProxy;
			containerPortal = CE40522D2144E02B00F995AA /* Pods.xcodeproj */;
			proxyType = 2;
			remoteGlobalIDString = D5C775614AC76D44CECB6BE08B022F1F;
			remoteInfo = ReactCommon;
		};
		975C04DC24D0EB34004F2BB7 /* PBXContainerItemProxy */ = {
			isa = PBXContainerItemProxy;
			containerPortal = CE40522D2144E02B00F995AA /* Pods.xcodeproj */;
			proxyType = 2;
			remoteGlobalIDString = 65D0A19C165FA1126B1360680FE6DB12;
			remoteInfo = Yoga;
		};
		CE4052342144E02B00F995AA /* PBXContainerItemProxy */ = {
			isa = PBXContainerItemProxy;
			containerPortal = CE40522D2144E02B00F995AA /* Pods.xcodeproj */;
			proxyType = 2;
			remoteGlobalIDString = 6D6A0BF9A517481DFEC80F967E6D1A16;
			remoteInfo = "Pods-RNDirectoryPicker";
		};
/* End PBXContainerItemProxy section */

/* Begin PBXCopyFilesBuildPhase section */
		58B511D91A9E6C8500147676 /* CopyFiles */ = {
			isa = PBXCopyFilesBuildPhase;
			buildActionMask = 2147483647;
			dstPath = "include/$(PRODUCT_NAME)";
			dstSubfolderSpec = 16;
			files = (
			);
			runOnlyForDeploymentPostprocessing = 0;
		};
/* End PBXCopyFilesBuildPhase section */

/* Begin PBXFileReference section */
		134814201AA4EA6300B7C361 /* libRNDirectoryPicker.a */ = {isa = PBXFileReference; explicitFileType = archive.ar; includeInIndex = 0; path = libRNDirectoryPicker.a; sourceTree = BUILT_PRODUCTS_DIR; };
		1B5D01A68A9913588E9B94AA /* Pods_RNDirectoryPicker.framework */ = {isa = PBXFileReference; explicitFileType = wrapper.framework; includeInIndex = 0; path = Pods_RNDirectoryPicker.framework; sourceTree = BUILT_PRODUCTS_DIR; };
		3EA737E0FFBB40D2ECF9C736 /* Pods-RNDirectoryPicker.release.xcconfig */ = {isa = PBXFileReference; includeInIndex = 1; lastKnownFileType = text.xcconfig; name = "Pods-RNDirectoryPicker.release.xcconfig"; path = "Pods/Target Support Files/Pods-RNDirectoryPicker/Pods-RNDirectoryPicker.release.xcconfig"; sourceTree = "<group>"; };
		975C04E324D0EB5E004F2BB7 /* RNDirectoryPicker.swift */ = {isa = PBXFileReference; fileEncoding = 4; lastKnownFileType = sourcecode.swift; path = RNDirectoryPicker.swift; sourceTree = "<group>"; };
		975C04E624D0EC52004F2BB7 /* RNDirectoryPicker-Bridging-Header.h */ = {isa = PBXFileReference; lastKnownFileType = sourcecode.c.h; path = "RNDirectoryPicker-Bridging-Header.h"; sourceTree = "<group>"; };
		A73D196C67F67BCCD9F439C8 /* Pods-RNDirectoryPicker.debug.xcconfig */ = {isa = PBXFileReference; includeInIndex = 1; lastKnownFileType = text.xcconfig; name = "Pods-RNDirectoryPicker.debug.xcconfig"; path = "Pods/Target Support Files/Pods-RNDirectoryPicker/Pods-RNDirectoryPicker.debug.xcconfig"; sourceTree = "<group>"; };
		B3E7B5891CC2AC0600A0062D /* RNDirectoryPicker.m */ = {isa = PBXFileReference; fileEncoding = 4; lastKnownFileType = sourcecode.c.objc; path = RNDirectoryPicker.m; sourceTree = "<group>"; };
		CE40522D2144E02B00F995AA /* Pods.xcodeproj */ = {isa = PBXFileReference; lastKnownFileType = "wrapper.pb-project"; name = Pods.xcodeproj; path = Pods/Pods.xcodeproj; sourceTree = "<group>"; };
/* End PBXFileReference section */

/* Begin PBXFrameworksBuildPhase section */
		58B511D81A9E6C8500147676 /* Frameworks */ = {
			isa = PBXFrameworksBuildPhase;
			buildActionMask = 2147483647;
			files = (
				1528B86E69E6E1BD29E4FA1E /* Pods_RNDirectoryPicker.framework in Frameworks */,
			);
			runOnlyForDeploymentPostprocessing = 0;
		};
/* End PBXFrameworksBuildPhase section */

/* Begin PBXGroup section */
		134814211AA4EA7D00B7C361 /* Products */ = {
			isa = PBXGroup;
			children = (
				134814201AA4EA6300B7C361 /* libRNDirectoryPicker.a */,
			);
			name = Products;
			sourceTree = "<group>";
		};
		58B511D21A9E6C8500147676 = {
			isa = PBXGroup;
			children = (
				B3E7B5891CC2AC0600A0062D /* RNDirectoryPicker.m */,
				975C04E324D0EB5E004F2BB7 /* RNDirectoryPicker.swift */,
				975C04E624D0EC52004F2BB7 /* RNDirectoryPicker-Bridging-Header.h */,
				134814211AA4EA7D00B7C361 /* Products */,
				CE569A9020403969005B5ACC /* Frameworks */,
				6EE51A2FE94F687D07C4BA7A /* Pods */,
			);
			sourceTree = "<group>";
		};
		6EE51A2FE94F687D07C4BA7A /* Pods */ = {
			isa = PBXGroup;
			children = (
				A73D196C67F67BCCD9F439C8 /* Pods-RNDirectoryPicker.debug.xcconfig */,
				3EA737E0FFBB40D2ECF9C736 /* Pods-RNDirectoryPicker.release.xcconfig */,
			);
			name = Pods;
			sourceTree = "<group>";
		};
		CE40522E2144E02B00F995AA /* Products */ = {
			isa = PBXGroup;
			children = (
				975C04B524D0EB34004F2BB7 /* DoubleConversion.framework */,
				975C04B724D0EB34004F2BB7 /* FBReactNativeSpec.framework */,
				975C04B924D0EB34004F2BB7 /* folly.framework */,
				975C04BB24D0EB34004F2BB7 /* glog.framework */,
				CE4052352144E02B00F995AA /* Pods_RNDirectoryPicker.framework */,
				975C04BD24D0EB34004F2BB7 /* RCTTypeSafety.framework */,
				975C04BF24D0EB34004F2BB7 /* React.framework */,
				975C04C124D0EB34004F2BB7 /* CoreModules.framework */,
				975C04C324D0EB34004F2BB7 /* cxxreact.framework */,
				975C04C524D0EB34004F2BB7 /* jsi.framework */,
				975C04C724D0EB34004F2BB7 /* jsireact.framework */,
				975C04C924D0EB34004F2BB7 /* jsinspector.framework */,
				975C04CB24D0EB34004F2BB7 /* RCTAnimation.framework */,
				975C04CD24D0EB34004F2BB7 /* RCTBlob.framework */,
				975C04CF24D0EB34004F2BB7 /* RCTImage.framework */,
				975C04D124D0EB34004F2BB7 /* RCTLinking.framework */,
				975C04D324D0EB34004F2BB7 /* RCTNetwork.framework */,
				975C04D524D0EB34004F2BB7 /* RCTSettings.framework */,
				975C04D724D0EB34004F2BB7 /* RCTText.framework */,
				975C04D924D0EB34004F2BB7 /* RCTVibration.framework */,
				975C04DB24D0EB34004F2BB7 /* ReactCommon.framework */,
				975C04DD24D0EB34004F2BB7 /* yoga.framework */,
			);
			name = Products;
			sourceTree = "<group>";
		};
		CE569A9020403969005B5ACC /* Frameworks */ = {
			isa = PBXGroup;
			children = (
				CE40522D2144E02B00F995AA /* Pods.xcodeproj */,
				1B5D01A68A9913588E9B94AA /* Pods_RNDirectoryPicker.framework */,
			);
			name = Frameworks;
			sourceTree = "<group>";
		};
/* End PBXGroup section */

/* Begin PBXNativeTarget section */
		58B511DA1A9E6C8500147676 /* RNDirectoryPicker */ = {
			isa = PBXNativeTarget;
			buildConfigurationList = 58B511EF1A9E6C8500147676 /* Build configuration list for PBXNativeTarget "RNDirectoryPicker" */;
			buildPhases = (
				6D4D3109B8467E15A8C40301 /* [CP] Check Pods Manifest.lock */,
				58B511D71A9E6C8500147676 /* Sources */,
				58B511D81A9E6C8500147676 /* Frameworks */,
				58B511D91A9E6C8500147676 /* CopyFiles */,
			);
			buildRules = (
			);
			dependencies = (
			);
			name = RNDirectoryPicker;
			productName = RCTDataManager;
			productReference = 134814201AA4EA6300B7C361 /* libRNDirectoryPicker.a */;
			productType = "com.apple.product-type.library.static";
		};
/* End PBXNativeTarget section */

/* Begin PBXProject section */
		58B511D31A9E6C8500147676 /* Project object */ = {
			isa = PBXProject;
			attributes = {
				LastUpgradeCheck = 0830;
				ORGANIZATIONNAME = Facebook;
				TargetAttributes = {
					58B511DA1A9E6C8500147676 = {
						CreatedOnToolsVersion = 6.1.1;
						LastSwiftMigration = 1010;
					};
				};
			};
			buildConfigurationList = 58B511D61A9E6C8500147676 /* Build configuration list for PBXProject "RNDirectoryPicker" */;
			compatibilityVersion = "Xcode 3.2";
			developmentRegion = English;
			hasScannedForEncodings = 0;
			knownRegions = (
				English,
				en,
			);
			mainGroup = 58B511D21A9E6C8500147676;
			productRefGroup = 58B511D21A9E6C8500147676;
			projectDirPath = "";
			projectReferences = (
				{
					ProductGroup = CE40522E2144E02B00F995AA /* Products */;
					ProjectRef = CE40522D2144E02B00F995AA /* Pods.xcodeproj */;
				},
			);
			projectRoot = "";
			targets = (
				58B511DA1A9E6C8500147676 /* RNDirectoryPicker */,
			);
		};
/* End PBXProject section */

/* Begin PBXReferenceProxy section */
		975C04B524D0EB34004F2BB7 /* DoubleConversion.framework */ = {
			isa = PBXReferenceProxy;
			fileType = wrapper.framework;
			path = DoubleConversion.framework;
			remoteRef = 975C04B424D0EB34004F2BB7 /* PBXContainerItemProxy */;
			sourceTree = BUILT_PRODUCTS_DIR;
		};
		975C04B724D0EB34004F2BB7 /* FBReactNativeSpec.framework */ = {
			isa = PBXReferenceProxy;
			fileType = wrapper.framework;
			path = FBReactNativeSpec.framework;
			remoteRef = 975C04B624D0EB34004F2BB7 /* PBXContainerItemProxy */;
			sourceTree = BUILT_PRODUCTS_DIR;
		};
		975C04B924D0EB34004F2BB7 /* folly.framework */ = {
			isa = PBXReferenceProxy;
			fileType = wrapper.framework;
			path = folly.framework;
			remoteRef = 975C04B824D0EB34004F2BB7 /* PBXContainerItemProxy */;
			sourceTree = BUILT_PRODUCTS_DIR;
		};
		975C04BB24D0EB34004F2BB7 /* glog.framework */ = {
			isa = PBXReferenceProxy;
			fileType = wrapper.framework;
			path = glog.framework;
			remoteRef = 975C04BA24D0EB34004F2BB7 /* PBXContainerItemProxy */;
			sourceTree = BUILT_PRODUCTS_DIR;
		};
		975C04BD24D0EB34004F2BB7 /* RCTTypeSafety.framework */ = {
			isa = PBXReferenceProxy;
			fileType = wrapper.framework;
			path = RCTTypeSafety.framework;
			remoteRef = 975C04BC24D0EB34004F2BB7 /* PBXContainerItemProxy */;
			sourceTree = BUILT_PRODUCTS_DIR;
		};
		975C04BF24D0EB34004F2BB7 /* React.framework */ = {
			isa = PBXReferenceProxy;
			fileType = wrapper.framework;
			path = React.framework;
			remoteRef = 975C04BE24D0EB34004F2BB7 /* PBXContainerItemProxy */;
			sourceTree = BUILT_PRODUCTS_DIR;
		};
		975C04C124D0EB34004F2BB7 /* CoreModules.framework */ = {
			isa = PBXReferenceProxy;
			fileType = wrapper.framework;
			path = CoreModules.framework;
			remoteRef = 975C04C024D0EB34004F2BB7 /* PBXContainerItemProxy */;
			sourceTree = BUILT_PRODUCTS_DIR;
		};
		975C04C324D0EB34004F2BB7 /* cxxreact.framework */ = {
			isa = PBXReferenceProxy;
			fileType = wrapper.framework;
			path = cxxreact.framework;
			remoteRef = 975C04C224D0EB34004F2BB7 /* PBXContainerItemProxy */;
			sourceTree = BUILT_PRODUCTS_DIR;
		};
		975C04C524D0EB34004F2BB7 /* jsi.framework */ = {
			isa = PBXReferenceProxy;
			fileType = wrapper.framework;
			path = jsi.framework;
			remoteRef = 975C04C424D0EB34004F2BB7 /* PBXContainerItemProxy */;
			sourceTree = BUILT_PRODUCTS_DIR;
		};
		975C04C724D0EB34004F2BB7 /* jsireact.framework */ = {
			isa = PBXReferenceProxy;
			fileType = wrapper.framework;
			path = jsireact.framework;
			remoteRef = 975C04C624D0EB34004F2BB7 /* PBXContainerItemProxy */;
			sourceTree = BUILT_PRODUCTS_DIR;
		};
		975C04C924D0EB34004F2BB7 /* jsinspector.framework */ = {
			isa = PBXReferenceProxy;
			fileType = wrapper.framework;
			path = jsinspector.framework;
			remoteRef = 975C04C824D0EB34004F2BB7 /* PBXContainerItemProxy */;
			sourceTree = BUILT_PRODUCTS_DIR;
		};
		975C04CB24D0EB34004F2BB7 /* RCTAnimation.framework */ = {
			isa = PBXReferenceProxy;
			fileType = wrapper.framework;
			path = RCTAnimation.framework;
			remoteRef = 975C04CA24D0EB34004F2BB7 /* PBXContainerItemProxy */;
			sourceTree = BUILT_PRODUCTS_DIR;
		};
		975C04CD24D0EB34004F2BB7 /* RCTBlob.framework */ = {
			isa = PBXReferenceProxy;
			fileType = wrapper.framework;
			path = RCTBlob.framework;
			remoteRef = 975C04CC24D0EB34004F2BB7 /* PBXContainerItemProxy */;
			sourceTree = BUILT_PRODUCTS_DIR;
		};
		975C04CF24D0EB34004F2BB7 /* RCTImage.framework */ = {
			isa = PBXReferenceProxy;
			fileType = wrapper.framework;
			path = RCTImage.framework;
			remoteRef = 975C04CE24D0EB34004F2BB7 /* PBXContainerItemProxy */;
			sourceTree = BUILT_PRODUCTS_DIR;
		};
		975C04D124D0EB34004F2BB7 /* RCTLinking.framework */ = {
			isa = PBXReferenceProxy;
			fileType = wrapper.framework;
			path = RCTLinking.framework;
			remoteRef = 975C04D024D0EB34004F2BB7 /* PBXContainerItemProxy */;
			sourceTree = BUILT_PRODUCTS_DIR;
		};
		975C04D324D0EB34004F2BB7 /* RCTNetwork.framework */ = {
			isa = PBXReferenceProxy;
			fileType = wrapper.framework;
			path = RCTNetwork.framework;
			remoteRef = 975C04D224D0EB34004F2BB7 /* PBXContainerItemProxy */;
			sourceTree = BUILT_PRODUCTS_DIR;
		};
		975C04D524D0EB34004F2BB7 /* RCTSettings.framework */ = {
			isa = PBXReferenceProxy;
			fileType = wrapper.framework;
			path = RCTSettings.framework;
			remoteRef = 975C04D424D0EB34004F2BB7 /* PBXContainerItemProxy */;
			sourceTree = BUILT_PRODUCTS_DIR;
		};
		975C04D724D0EB34004F2BB7 /* RCTText.framework */ = {
			isa = PBXReferenceProxy;
			fileType = wrapper.framework;
			path = RCTText.framework;
			remoteRef = 975C04D624D0EB34004F2BB7 /* PBXContainerItemProxy */;
			sourceTree = BUILT_PRODUCTS_DIR;
		};
		975C04D924D0EB34004F2BB7 /* RCTVibration.framework */ = {
			isa = PBXReferenceProxy;
			fileType = wrapper.framework;
			path = RCTVibration.framework;
			remoteRef = 975C04D824D0EB34004F2BB7 /* PBXContainerItemProxy */;
			sourceTree = BUILT_PRODUCTS_DIR;
		};
		975C04DB24D0EB34004F2BB7 /* ReactCommon.framework */ = {
			isa = PBXReferenceProxy;
			fileType = wrapper.framework;
			path = ReactCommon.framework;
			remoteRef = 975C04DA24D0EB34004F2BB7 /* PBXContainerItemProxy */;
			sourceTree = BUILT_PRODUCTS_DIR;
		};
		975C04DD24D0EB34004F2BB7 /* yoga.framework */ = {
			isa = PBXReferenceProxy;
			fileType = wrapper.framework;
			path = yoga.framework;
			remoteRef = 975C04DC24D0EB34004F2BB7 /* PBXContainerItemProxy */;
			sourceTree = BUILT_PRODUCTS_DIR;
		};
		CE4052352144E02B00F995AA /* Pods_RNDirectoryPicker.framework */ = {
			isa = PBXReferenceProxy;
			fileType = wrapper.framework;
			path = Pods_RNDirectoryPicker.framework;
			remoteRef = CE4052342144E02B00F995AA /* PBXContainerItemProxy */;
			sourceTree = BUILT_PRODUCTS_DIR;
		};
/* End PBXReferenceProxy section */

/* Begin PBXShellScriptBuildPhase section */
		6D4D3109B8467E15A8C40301 /* [CP] Check Pods Manifest.lock */ = {
			isa = PBXShellScriptBuildPhase;
			buildActionMask = 2147483647;
			files = (
			);
			inputPaths = (
				"${PODS_PODFILE_DIR_PATH}/Podfile.lock",
				"${PODS_ROOT}/Manifest.lock",
			);
			name = "[CP] Check Pods Manifest.lock";
			outputPaths = (
				"$(DERIVED_FILE_DIR)/Pods-RNDirectoryPicker-checkManifestLockResult.txt",
			);
			runOnlyForDeploymentPostprocessing = 0;
			shellPath = /bin/sh;
			shellScript = "diff \"${PODS_PODFILE_DIR_PATH}/Podfile.lock\" \"${PODS_ROOT}/Manifest.lock\" > /dev/null\nif [ $? != 0 ] ; then\n    # print error to STDERR\n    echo \"error: The sandbox is not in sync with the Podfile.lock. Run 'pod install' or update your CocoaPods installation.\" >&2\n    exit 1\nfi\n# This output is used by Xcode 'outputs' to avoid re-running this script phase.\necho \"SUCCESS\" > \"${SCRIPT_OUTPUT_FILE_0}\"\n";
			showEnvVarsInLog = 0;
		};
/* End PBXShellScriptBuildPhase section */

/* Begin PBXSourcesBuildPhase section */
		58B511D71A9E6C8500147676 /* Sources */ = {
			isa = PBXSourcesBuildPhase;
			buildActionMask = 2147483647;
			files = (
				975C04E524D0EB5E004F2BB7 /* RNDirectoryPicker.swift in Sources */,
				B3E7B58A1CC2AC0600A0062D /* RNDirectoryPicker.m in Sources */,
			);
			runOnlyForDeploymentPostprocessing = 0;
		};
/* End PBXSourcesBuildPhase section */

/* Begin XCBuildConfiguration section */
		58B511ED1A9E6C8500147676 /* Debug */ = {
			isa = XCBuildConfiguration;
			buildSettings = {
				ALWAYS_SEARCH_USER_PATHS = NO;
				CLANG_CXX_LANGUAGE_STANDARD = "gnu++0x";
				CLANG_CXX_LIBRARY = "libc++";
				CLANG_ENABLE_MODULES = YES;
				CLANG_ENABLE_OBJC_ARC = YES;
				CLANG_WARN_BOOL_CONVERSION = YES;
				CLANG_WARN_CONSTANT_CONVERSION = YES;
				CLANG_WARN_DIRECT_OBJC_ISA_USAGE = YES_ERROR;
				CLANG_WARN_EMPTY_BODY = YES;
				CLANG_WARN_ENUM_CONVERSION = YES;
				CLANG_WARN_INFINITE_RECURSION = YES;
				CLANG_WARN_INT_CONVERSION = YES;
				CLANG_WARN_OBJC_ROOT_CLASS = YES_ERROR;
				CLANG_WARN_SUSPICIOUS_MOVE = YES;
				CLANG_WARN_UNREACHABLE_CODE = YES;
				CLANG_WARN__DUPLICATE_METHOD_MATCH = YES;
				COPY_PHASE_STRIP = NO;
				ENABLE_STRICT_OBJC_MSGSEND = YES;
				ENABLE_TESTABILITY = YES;
				GCC_C_LANGUAGE_STANDARD = gnu99;
				GCC_DYNAMIC_NO_PIC = NO;
				GCC_NO_COMMON_BLOCKS = YES;
				GCC_OPTIMIZATION_LEVEL = 0;
				GCC_PREPROCESSOR_DEFINITIONS = (
					"DEBUG=1",
					"$(inherited)",
				);
				GCC_SYMBOLS_PRIVATE_EXTERN = NO;
				GCC_WARN_64_TO_32_BIT_CONVERSION = YES;
				GCC_WARN_ABOUT_RETURN_TYPE = YES_ERROR;
				GCC_WARN_UNDECLARED_SELECTOR = YES;
				GCC_WARN_UNINITIALIZED_AUTOS = YES_AGGRESSIVE;
				GCC_WARN_UNUSED_FUNCTION = YES;
				GCC_WARN_UNUSED_VARIABLE = YES;
				IPHONEOS_DEPLOYMENT_TARGET = 8.0;
				MTL_ENABLE_DEBUG_INFO = YES;
				ONLY_ACTIVE_ARCH = YES;
				SDKROOT = iphoneos;
			};
			name = Debug;
		};
		58B511EE1A9E6C8500147676 /* Release */ = {
			isa = XCBuildConfiguration;
			buildSettings = {
				ALWAYS_SEARCH_USER_PATHS = NO;
				CLANG_CXX_LANGUAGE_STANDARD = "gnu++0x";
				CLANG_CXX_LIBRARY = "libc++";
				CLANG_ENABLE_MODULES = YES;
				CLANG_ENABLE_OBJC_ARC = YES;
				CLANG_WARN_BOOL_CONVERSION = YES;
				CLANG_WARN_CONSTANT_CONVERSION = YES;
				CLANG_WARN_DIRECT_OBJC_ISA_USAGE = YES_ERROR;
				CLANG_WARN_EMPTY_BODY = YES;
				CLANG_WARN_ENUM_CONVERSION = YES;
				CLANG_WARN_INFINITE_RECURSION = YES;
				CLANG_WARN_INT_CONVERSION = YES;
				CLANG_WARN_OBJC_ROOT_CLASS = YES_ERROR;
				CLANG_WARN_SUSPICIOUS_MOVE = YES;
				CLANG_WARN_UNREACHABLE_CODE = YES;
				CLANG_WARN__DUPLICATE_METHOD_MATCH = YES;
				COPY_PHASE_STRIP = YES;
				ENABLE_NS_ASSERTIONS = NO;
				ENABLE_STRICT_OBJC_MSGSEND = YES;
				GCC_C_LANGUAGE_STANDARD = gnu99;
				GCC_NO_COMMON_BLOCKS = YES;
				GCC_WARN_64_TO_32_BIT_CONVERSION = YES;
				GCC_WARN_ABOUT_RETURN_TYPE = YES_ERROR;
				GCC_WARN_UNDECLARED_SELECTOR = YES;
				GCC_WARN_UNINITIALIZED_AUTOS = YES_AGGRESSIVE;
				GCC_WARN_UNUSED_FUNCTION = YES;
				GCC_WARN_UNUSED_VARIABLE = YES;
				IPHONEOS_DEPLOYMENT_TARGET = 8.0;
				MTL_ENABLE_DEBUG_INFO = NO;
				SDKROOT = iphoneos;
				VALIDATE_PRODUCT = YES;
			};
			name = Release;
		};
		58B511F01A9E6C8500147676 /* Debug */ = {
			isa = XCBuildConfiguration;
			baseConfigurationReference = A73D196C67F67BCCD9F439C8 /* Pods-RNDirectoryPicker.debug.xcconfig */;
			buildSettings = {
				CLANG_ENABLE_MODULES = YES;
				HEADER_SEARCH_PATHS = (
					"$(inherited)",
					/Applications/Xcode.app/Contents/Developer/Toolchains/XcodeDefault.xctoolchain/usr/include,
					"$(SRCROOT)/../../../React/**",
					"$(SRCROOT)/../../react-native/React/**",
				);
				LD_RUNPATH_SEARCH_PATHS = "$(inherited) @executable_path/Frameworks @loader_path/Frameworks";
				LIBRARY_SEARCH_PATHS = "$(inherited)";
				OTHER_LDFLAGS = "-ObjC";
				PRODUCT_NAME = RNDirectoryPicker;
				SKIP_INSTALL = YES;
				SWIFT_OBJC_BRIDGING_HEADER = "RNDirectoryPicker-Bridging-Header.h";
				SWIFT_OPTIMIZATION_LEVEL = "-Onone";
				SWIFT_VERSION = 4.2;
			};
			name = Debug;
		};
		58B511F11A9E6C8500147676 /* Release */ = {
			isa = XCBuildConfiguration;
			baseConfigurationReference = 3EA737E0FFBB40D2ECF9C736 /* Pods-RNDirectoryPicker.release.xcconfig */;
			buildSettings = {
				CLANG_ENABLE_MODULES = YES;
				HEADER_SEARCH_PATHS = (
					"$(inherited)",
					/Applications/Xcode.app/Contents/Developer/Toolchains/XcodeDefault.xctoolchain/usr/include,
					"$(SRCROOT)/../../../React/**",
					"$(SRCROOT)/../../react-native/React/**",
				);
				LD_RUNPATH_SEARCH_PATHS = "$(inherited) @executable_path/Frameworks @loader_path/Frameworks";
				LIBRARY_SEARCH_PATHS = "$(inherited)";
				OTHER_LDFLAGS = "-ObjC";
				PRODUCT_NAME = RNDirectoryPicker;
				SKIP_INSTALL = YES;
				SWIFT_OBJC_BRIDGING_HEADER = "RNDirectoryPicker-Bridging-Header.h";
				SWIFT_VERSION = 4.2;
			};
			name = Release;
		};
/* End XCBuildConfiguration section */

/* Begin XCConfigurationList section */
		58B511D61A9E6C8500147676 /* Build configuration list for PBXProject "RNDirectoryPicker" */ = {
			isa = XCConfigurationList;
			buildConfigurations = (
				58B511ED1A9E6C8500147676 /* Debug */,
				58B511EE1A9E6C8500147676 /* Release */,
			);
			defaultConfigurationIsVisible = 0;
			defaultConfigurationName = Release;
		};
		58B511EF1A9E6C8500147676 /* Build configuration list for PBXNativeTarget "RNDirectoryPicker" */ = {
			isa = XCConfigurationList;
			buildConfigurations = (
				58B511F01A9E6C8500147676 /* Debug */,
				58B511F11A9E6C8500147676 /* Release */,
			);
			defaultConfigurationIsVisible = 0;
			defaultConfigurationName = Release;
		};
/* End XCConfigurationList section */
	};
	rootObject = 58B511D31A9E6C8500147676 /* Project object */;
}
